// !$*UTF8*$!
{
	archiveVersion = 1;
	classes = {
	};
	objectVersion = 50;
	objects = {

/* Begin PBXBuildFile section */
		76D5D45D217647EC008813A8 /* AppDelegate.swift in Sources */ = {isa = PBXBuildFile; fileRef = 76D5D45C217647EC008813A8 /* AppDelegate.swift */; };
		76D5D45F217647EC008813A8 /* ViewController.swift in Sources */ = {isa = PBXBuildFile; fileRef = 76D5D45E217647EC008813A8 /* ViewController.swift */; };
		76D5D462217647EC008813A8 /* Main.storyboard in Resources */ = {isa = PBXBuildFile; fileRef = 76D5D460217647EC008813A8 /* Main.storyboard */; };
		76D5D464217647ED008813A8 /* Assets.xcassets in Resources */ = {isa = PBXBuildFile; fileRef = 76D5D463217647ED008813A8 /* Assets.xcassets */; };
		76D5D467217647ED008813A8 /* LaunchScreen.storyboard in Resources */ = {isa = PBXBuildFile; fileRef = 76D5D465217647ED008813A8 /* LaunchScreen.storyboard */; };
		A15EC69F196B6EEA945FA87B /* Pods_MyReactNativeApp.framework in Frameworks */ = {isa = PBXBuildFile; fileRef = D8737BA190CE8D14675E233F /* Pods_MyReactNativeApp.framework */; };
/* End PBXBuildFile section */

/* Begin PBXFileReference section */
		76D5D459217647EC008813A8 /* MyReactNativeApp.app */ = {isa = PBXFileReference; explicitFileType = wrapper.application; includeInIndex = 0; path = MyReactNativeApp.app; sourceTree = BUILT_PRODUCTS_DIR; };
		76D5D45C217647EC008813A8 /* AppDelegate.swift */ = {isa = PBXFileReference; lastKnownFileType = sourcecode.swift; path = AppDelegate.swift; sourceTree = "<group>"; };
		76D5D45E217647EC008813A8 /* ViewController.swift */ = {isa = PBXFileReference; lastKnownFileType = sourcecode.swift; path = ViewController.swift; sourceTree = "<group>"; };
		76D5D461217647EC008813A8 /* Base */ = {isa = PBXFileReference; lastKnownFileType = file.storyboard; name = Base; path = Base.lproj/Main.storyboard; sourceTree = "<group>"; };
		76D5D463217647ED008813A8 /* Assets.xcassets */ = {isa = PBXFileReference; lastKnownFileType = folder.assetcatalog; path = Assets.xcassets; sourceTree = "<group>"; };
		76D5D466217647ED008813A8 /* Base */ = {isa = PBXFileReference; lastKnownFileType = file.storyboard; name = Base; path = Base.lproj/LaunchScreen.storyboard; sourceTree = "<group>"; };
		76D5D468217647ED008813A8 /* Info.plist */ = {isa = PBXFileReference; lastKnownFileType = text.plist.xml; path = Info.plist; sourceTree = "<group>"; };
		B8C0C76CD3678B0C2DEE5E0F /* Pods-MyReactNativeApp.debug.xcconfig */ = {isa = PBXFileReference; includeInIndex = 1; lastKnownFileType = text.xcconfig; name = "Pods-MyReactNativeApp.debug.xcconfig"; path = "Pods/Target Support Files/Pods-MyReactNativeApp/Pods-MyReactNativeApp.debug.xcconfig"; sourceTree = "<group>"; };
		B9FF5854DC6881CCD141E279 /* Pods-MyReactNativeApp.release.xcconfig */ = {isa = PBXFileReference; includeInIndex = 1; lastKnownFileType = text.xcconfig; name = "Pods-MyReactNativeApp.release.xcconfig"; path = "Pods/Target Support Files/Pods-MyReactNativeApp/Pods-MyReactNativeApp.release.xcconfig"; sourceTree = "<group>"; };
		D8737BA190CE8D14675E233F /* Pods_MyReactNativeApp.framework */ = {isa = PBXFileReference; explicitFileType = wrapper.framework; includeInIndex = 0; path = Pods_MyReactNativeApp.framework; sourceTree = BUILT_PRODUCTS_DIR; };
/* End PBXFileReference section */

/* Begin PBXFrameworksBuildPhase section */
		76D5D456217647EC008813A8 /* Frameworks */ = {
			isa = PBXFrameworksBuildPhase;
			buildActionMask = 2147483647;
			files = (
				A15EC69F196B6EEA945FA87B /* Pods_MyReactNativeApp.framework in Frameworks */,
			);
			runOnlyForDeploymentPostprocessing = 0;
		};
/* End PBXFrameworksBuildPhase section */

/* Begin PBXGroup section */
		3298CB2111529767EDCB7FD3 /* Pods */ = {
			isa = PBXGroup;
			children = (
				B8C0C76CD3678B0C2DEE5E0F /* Pods-MyReactNativeApp.debug.xcconfig */,
				B9FF5854DC6881CCD141E279 /* Pods-MyReactNativeApp.release.xcconfig */,
			);
			name = Pods;
			sourceTree = "<group>";
		};
		3D3619913A0F6CB723134512 /* Frameworks */ = {
			isa = PBXGroup;
			children = (
				D8737BA190CE8D14675E233F /* Pods_MyReactNativeApp.framework */,
			);
			name = Frameworks;
			sourceTree = "<group>";
		};
		76D5D450217647EC008813A8 = {
			isa = PBXGroup;
			children = (
				76D5D45B217647EC008813A8 /* MyReactNativeApp */,
				76D5D45A217647EC008813A8 /* Products */,
				3298CB2111529767EDCB7FD3 /* Pods */,
				3D3619913A0F6CB723134512 /* Frameworks */,
			);
			sourceTree = "<group>";
		};
		76D5D45A217647EC008813A8 /* Products */ = {
			isa = PBXGroup;
			children = (
				76D5D459217647EC008813A8 /* MyReactNativeApp.app */,
			);
			name = Products;
			sourceTree = "<group>";
		};
		76D5D45B217647EC008813A8 /* MyReactNativeApp */ = {
			isa = PBXGroup;
			children = (
				76D5D45C217647EC008813A8 /* AppDelegate.swift */,
				76D5D45E217647EC008813A8 /* ViewController.swift */,
				76D5D460217647EC008813A8 /* Main.storyboard */,
				76D5D463217647ED008813A8 /* Assets.xcassets */,
				76D5D465217647ED008813A8 /* LaunchScreen.storyboard */,
				76D5D468217647ED008813A8 /* Info.plist */,
			);
			path = MyReactNativeApp;
			sourceTree = "<group>";
		};
/* End PBXGroup section */

/* Begin PBXNativeTarget section */
		76D5D458217647EC008813A8 /* MyReactNativeApp */ = {
			isa = PBXNativeTarget;
			buildConfigurationList = 76D5D46B217647ED008813A8 /* Build configuration list for PBXNativeTarget "MyReactNativeApp" */;
			buildPhases = (
				FFB9AF3799F9B3A2C8D60BDE /* [CP] Check Pods Manifest.lock */,
				76D5D455217647EC008813A8 /* Sources */,
				76D5D456217647EC008813A8 /* Frameworks */,
				76D5D457217647EC008813A8 /* Resources */,
				CC0420FED258014CAF5030AD /* [CP] Embed Pods Frameworks */,
			);
			buildRules = (
			);
			dependencies = (
			);
			name = MyReactNativeApp;
			productName = MyReactNativeApp;
			productReference = 76D5D459217647EC008813A8 /* MyReactNativeApp.app */;
			productType = "com.apple.product-type.application";
		};
/* End PBXNativeTarget section */

/* Begin PBXProject section */
		76D5D451217647EC008813A8 /* Project object */ = {
			isa = PBXProject;
			attributes = {
				LastSwiftUpdateCheck = 1000;
				LastUpgradeCheck = 1000;
				ORGANIZATIONNAME = "Markus Dopp";
				TargetAttributes = {
					76D5D458217647EC008813A8 = {
						CreatedOnToolsVersion = 10.0;
					};
				};
			};
			buildConfigurationList = 76D5D454217647EC008813A8 /* Build configuration list for PBXProject "MyReactNativeApp" */;
			compatibilityVersion = "Xcode 9.3";
			developmentRegion = en;
			hasScannedForEncodings = 0;
			knownRegions = (
				en,
				Base,
			);
			mainGroup = 76D5D450217647EC008813A8;
			productRefGroup = 76D5D45A217647EC008813A8 /* Products */;
			projectDirPath = "";
			projectRoot = "";
			targets = (
				76D5D458217647EC008813A8 /* MyReactNativeApp */,
			);
		};
/* End PBXProject section */

/* Begin PBXResourcesBuildPhase section */
		76D5D457217647EC008813A8 /* Resources */ = {
			isa = PBXResourcesBuildPhase;
			buildActionMask = 2147483647;
			files = (
				76D5D467217647ED008813A8 /* LaunchScreen.storyboard in Resources */,
				76D5D464217647ED008813A8 /* Assets.xcassets in Resources */,
				76D5D462217647EC008813A8 /* Main.storyboard in Resources */,
			);
			runOnlyForDeploymentPostprocessing = 0;
		};
/* End PBXResourcesBuildPhase section */

/* Begin PBXShellScriptBuildPhase section */
		CC0420FED258014CAF5030AD /* [CP] Embed Pods Frameworks */ = {
			isa = PBXShellScriptBuildPhase;
			buildActionMask = 2147483647;
			files = (
			);
			inputPaths = (
				"${SRCROOT}/Pods/Target Support Files/Pods-MyReactNativeApp/Pods-MyReactNativeApp-frameworks.sh",
				"${BUILT_PRODUCTS_DIR}/DoubleConversion/DoubleConversion.framework",
				"${BUILT_PRODUCTS_DIR}/Folly/folly.framework",
				"${BUILT_PRODUCTS_DIR}/React/React.framework",
				"${BUILT_PRODUCTS_DIR}/glog/glog.framework",
				"${BUILT_PRODUCTS_DIR}/yoga/yoga.framework",
			);
			name = "[CP] Embed Pods Frameworks";
			outputPaths = (
				"${TARGET_BUILD_DIR}/${FRAMEWORKS_FOLDER_PATH}/DoubleConversion.framework",
				"${TARGET_BUILD_DIR}/${FRAMEWORKS_FOLDER_PATH}/folly.framework",
				"${TARGET_BUILD_DIR}/${FRAMEWORKS_FOLDER_PATH}/React.framework",
				"${TARGET_BUILD_DIR}/${FRAMEWORKS_FOLDER_PATH}/glog.framework",
				"${TARGET_BUILD_DIR}/${FRAMEWORKS_FOLDER_PATH}/yoga.framework",
			);
			runOnlyForDeploymentPostprocessing = 0;
			shellPath = /bin/sh;
			shellScript = "\"${SRCROOT}/Pods/Target Support Files/Pods-MyReactNativeApp/Pods-MyReactNativeApp-frameworks.sh\"\n";
			showEnvVarsInLog = 0;
		};
		FFB9AF3799F9B3A2C8D60BDE /* [CP] Check Pods Manifest.lock */ = {
			isa = PBXShellScriptBuildPhase;
			buildActionMask = 2147483647;
			files = (
			);
			inputPaths = (
				"${PODS_PODFILE_DIR_PATH}/Podfile.lock",
				"${PODS_ROOT}/Manifest.lock",
			);
			name = "[CP] Check Pods Manifest.lock";
			outputPaths = (
				"$(DERIVED_FILE_DIR)/Pods-MyReactNativeApp-checkManifestLockResult.txt",
			);
			runOnlyForDeploymentPostprocessing = 0;
			shellPath = /bin/sh;
			shellScript = "diff \"${PODS_PODFILE_DIR_PATH}/Podfile.lock\" \"${PODS_ROOT}/Manifest.lock\" > /dev/null\nif [ $? != 0 ] ; then\n    # print error to STDERR\n    echo \"error: The sandbox is not in sync with the Podfile.lock. Run 'pod install' or update your CocoaPods installation.\" >&2\n    exit 1\nfi\n# This output is used by Xcode 'outputs' to avoid re-running this script phase.\necho \"SUCCESS\" > \"${SCRIPT_OUTPUT_FILE_0}\"\n";
			showEnvVarsInLog = 0;
		};
/* End PBXShellScriptBuildPhase section */

/* Begin PBXSourcesBuildPhase section */
		76D5D455217647EC008813A8 /* Sources */ = {
			isa = PBXSourcesBuildPhase;
			buildActionMask = 2147483647;
			files = (
				76D5D45F217647EC008813A8 /* ViewController.swift in Sources */,
				76D5D45D217647EC008813A8 /* AppDelegate.swift in Sources */,
			);
			runOnlyForDeploymentPostprocessing = 0;
		};
/* End PBXSourcesBuildPhase section */

/* Begin PBXVariantGroup section */
		76D5D460217647EC008813A8 /* Main.storyboard */ = {
			isa = PBXVariantGroup;
			children = (
				76D5D461217647EC008813A8 /* Base */,
			);
			name = Main.storyboard;
			sourceTree = "<group>";
		};
		76D5D465217647ED008813A8 /* LaunchScreen.storyboard */ = {
			isa = PBXVariantGroup;
			children = (
				76D5D466217647ED008813A8 /* Base */,
			);
			name = LaunchScreen.storyboard;
			sourceTree = "<group>";
		};
/* End PBXVariantGroup section */

/* Begin XCBuildConfiguration section */
		76D5D469217647ED008813A8 /* Debug */ = {
			isa = XCBuildConfiguration;
			buildSettings = {
				ALWAYS_SEARCH_USER_PATHS = NO;
				CLANG_ANALYZER_NONNULL = YES;
				CLANG_ANALYZER_NUMBER_OBJECT_CONVERSION = YES_AGGRESSIVE;
				CLANG_CXX_LANGUAGE_STANDARD = "gnu++14";
				CLANG_CXX_LIBRARY = "libc++";
				CLANG_ENABLE_MODULES = YES;
				CLANG_ENABLE_OBJC_ARC = YES;
				CLANG_ENABLE_OBJC_WEAK = YES;
				CLANG_WARN_BLOCK_CAPTURE_AUTORELEASING = YES;
				CLANG_WARN_BOOL_CONVERSION = YES;
				CLANG_WARN_COMMA = YES;
				CLANG_WARN_CONSTANT_CONVERSION = YES;
				CLANG_WARN_DEPRECATED_OBJC_IMPLEMENTATIONS = YES;
				CLANG_WARN_DIRECT_OBJC_ISA_USAGE = YES_ERROR;
				CLANG_WARN_DOCUMENTATION_COMMENTS = YES;
				CLANG_WARN_EMPTY_BODY = YES;
				CLANG_WARN_ENUM_CONVERSION = YES;
				CLANG_WARN_INFINITE_RECURSION = YES;
				CLANG_WARN_INT_CONVERSION = YES;
				CLANG_WARN_NON_LITERAL_NULL_CONVERSION = YES;
				CLANG_WARN_OBJC_IMPLICIT_RETAIN_SELF = YES;
				CLANG_WARN_OBJC_LITERAL_CONVERSION = YES;
				CLANG_WARN_OBJC_ROOT_CLASS = YES_ERROR;
				CLANG_WARN_RANGE_LOOP_ANALYSIS = YES;
				CLANG_WARN_STRICT_PROTOTYPES = YES;
				CLANG_WARN_SUSPICIOUS_MOVE = YES;
				CLANG_WARN_UNGUARDED_AVAILABILITY = YES_AGGRESSIVE;
				CLANG_WARN_UNREACHABLE_CODE = YES;
				CLANG_WARN__DUPLICATE_METHOD_MATCH = YES;
				CODE_SIGN_IDENTITY = "iPhone Developer";
				COPY_PHASE_STRIP = NO;
				DEBUG_INFORMATION_FORMAT = dwarf;
				ENABLE_STRICT_OBJC_MSGSEND = YES;
				ENABLE_TESTABILITY = YES;
				GCC_C_LANGUAGE_STANDARD = gnu11;
				GCC_DYNAMIC_NO_PIC = NO;
				GCC_NO_COMMON_BLOCKS = YES;
				GCC_OPTIMIZATION_LEVEL = 0;
				GCC_PREPROCESSOR_DEFINITIONS = (
					"DEBUG=1",
					"$(inherited)",
				);
				GCC_WARN_64_TO_32_BIT_CONVERSION = YES;
				GCC_WARN_ABOUT_RETURN_TYPE = YES_ERROR;
				GCC_WARN_UNDECLARED_SELECTOR = YES;
				GCC_WARN_UNINITIALIZED_AUTOS = YES_AGGRESSIVE;
				GCC_WARN_UNUSED_FUNCTION = YES;
				GCC_WARN_UNUSED_VARIABLE = YES;
				IPHONEOS_DEPLOYMENT_TARGET = 12.0;
				MTL_ENABLE_DEBUG_INFO = INCLUDE_SOURCE;
				MTL_FAST_MATH = YES;
				ONLY_ACTIVE_ARCH = YES;
				SDKROOT = iphoneos;
				SWIFT_ACTIVE_COMPILATION_CONDITIONS = DEBUG;
				SWIFT_OPTIMIZATION_LEVEL = "-Onone";
			};
			name = Debug;
		};
		76D5D46A217647ED008813A8 /* Release */ = {
			isa = XCBuildConfiguration;
			buildSettings = {
				ALWAYS_SEARCH_USER_PATHS = NO;
				CLANG_ANALYZER_NONNULL = YES;
				CLANG_ANALYZER_NUMBER_OBJECT_CONVERSION = YES_AGGRESSIVE;
				CLANG_CXX_LANGUAGE_STANDARD = "gnu++14";
				CLANG_CXX_LIBRARY = "libc++";
				CLANG_ENABLE_MODULES = YES;
				CLANG_ENABLE_OBJC_ARC = YES;
				CLANG_ENABLE_OBJC_WEAK = YES;
				CLANG_WARN_BLOCK_CAPTURE_AUTORELEASING = YES;
				CLANG_WARN_BOOL_CONVERSION = YES;
				CLANG_WARN_COMMA = YES;
				CLANG_WARN_CONSTANT_CONVERSION = YES;
				CLANG_WARN_DEPRECATED_OBJC_IMPLEMENTATIONS = YES;
				CLANG_WARN_DIRECT_OBJC_ISA_USAGE = YES_ERROR;
				CLANG_WARN_DOCUMENTATION_COMMENTS = YES;
				CLANG_WARN_EMPTY_BODY = YES;
				CLANG_WARN_ENUM_CONVERSION = YES;
				CLANG_WARN_INFINITE_RECURSION = YES;
				CLANG_WARN_INT_CONVERSION = YES;
				CLANG_WARN_NON_LITERAL_NULL_CONVERSION = YES;
				CLANG_WARN_OBJC_IMPLICIT_RETAIN_SELF = YES;
				CLANG_WARN_OBJC_LITERAL_CONVERSION = YES;
				CLANG_WARN_OBJC_ROOT_CLASS = YES_ERROR;
				CLANG_WARN_RANGE_LOOP_ANALYSIS = YES;
				CLANG_WARN_STRICT_PROTOTYPES = YES;
				CLANG_WARN_SUSPICIOUS_MOVE = YES;
				CLANG_WARN_UNGUARDED_AVAILABILITY = YES_AGGRESSIVE;
				CLANG_WARN_UNREACHABLE_CODE = YES;
				CLANG_WARN__DUPLICATE_METHOD_MATCH = YES;
				CODE_SIGN_IDENTITY = "iPhone Developer";
				COPY_PHASE_STRIP = NO;
				DEBUG_INFORMATION_FORMAT = "dwarf-with-dsym";
				ENABLE_NS_ASSERTIONS = NO;
				ENABLE_STRICT_OBJC_MSGSEND = YES;
				GCC_C_LANGUAGE_STANDARD = gnu11;
				GCC_NO_COMMON_BLOCKS = YES;
				GCC_WARN_64_TO_32_BIT_CONVERSION = YES;
				GCC_WARN_ABOUT_RETURN_TYPE = YES_ERROR;
				GCC_WARN_UNDECLARED_SELECTOR = YES;
				GCC_WARN_UNINITIALIZED_AUTOS = YES_AGGRESSIVE;
				GCC_WARN_UNUSED_FUNCTION = YES;
				GCC_WARN_UNUSED_VARIABLE = YES;
				IPHONEOS_DEPLOYMENT_TARGET = 12.0;
				MTL_ENABLE_DEBUG_INFO = NO;
				MTL_FAST_MATH = YES;
				SDKROOT = iphoneos;
				SWIFT_COMPILATION_MODE = wholemodule;
				SWIFT_OPTIMIZATION_LEVEL = "-O";
				VALIDATE_PRODUCT = YES;
			};
			name = Release;
		};
		76D5D46C217647ED008813A8 /* Debug */ = {
			isa = XCBuildConfiguration;
			baseConfigurationReference = B8C0C76CD3678B0C2DEE5E0F /* Pods-MyReactNativeApp.debug.xcconfig */;
			buildSettings = {
				ASSETCATALOG_COMPILER_APPICON_NAME = AppIcon;
				CODE_SIGN_STYLE = Automatic;
				DEVELOPMENT_TEAM = S2CEJ6M7FN;
				INFOPLIST_FILE = MyReactNativeApp/Info.plist;
				LD_RUNPATH_SEARCH_PATHS = (
					"$(inherited)",
					"@executable_path/Frameworks",
				);
				PRODUCT_BUNDLE_IDENTIFIER = sitrion.MyReactNativeApp;
				PRODUCT_NAME = "$(TARGET_NAME)";
				SWIFT_VERSION = 4.2;
				TARGETED_DEVICE_FAMILY = "1,2";
			};
			name = Debug;
		};
		76D5D46D217647ED008813A8 /* Release */ = {
			isa = XCBuildConfiguration;
			baseConfigurationReference = B9FF5854DC6881CCD141E279 /* Pods-MyReactNativeApp.release.xcconfig */;
			buildSettings = {
				ASSETCATALOG_COMPILER_APPICON_NAME = AppIcon;
				CODE_SIGN_STYLE = Automatic;
				DEVELOPMENT_TEAM = S2CEJ6M7FN;
				INFOPLIST_FILE = MyReactNativeApp/Info.plist;
				LD_RUNPATH_SEARCH_PATHS = (
					"$(inherited)",
					"@executable_path/Frameworks",
				);
				PRODUCT_BUNDLE_IDENTIFIER = sitrion.MyReactNativeApp;
				PRODUCT_NAME = "$(TARGET_NAME)";
				SWIFT_VERSION = 4.2;
				TARGETED_DEVICE_FAMILY = "1,2";
			};
			name = Release;
		};
/* End XCBuildConfiguration section */

/* Begin XCConfigurationList section */
		76D5D454217647EC008813A8 /* Build configuration list for PBXProject "MyReactNativeApp" */ = {
			isa = XCConfigurationList;
			buildConfigurations = (
				76D5D469217647ED008813A8 /* Debug */,
				76D5D46A217647ED008813A8 /* Release */,
			);
			defaultConfigurationIsVisible = 0;
			defaultConfigurationName = Release;
		};
		76D5D46B217647ED008813A8 /* Build configuration list for PBXNativeTarget "MyReactNativeApp" */ = {
			isa = XCConfigurationList;
			buildConfigurations = (
				76D5D46C217647ED008813A8 /* Debug */,
				76D5D46D217647ED008813A8 /* Release */,
			);
			defaultConfigurationIsVisible = 0;
			defaultConfigurationName = Release;
		};
/* End XCConfigurationList section */
	};
	rootObject = 76D5D451217647EC008813A8 /* Project object */;
}
